
Microsoft Visual Studio Solution File, Format Version 12.00
# Visual Studio 15
VisualStudioVersion = 15.0.26206.0
MinimumVisualStudioVersion = 10.0.40219.1
Project("{9A19103F-16F7-4668-BE54-9A1E7A4F7556}") = "Identity.Multitenancy", "Identity.Multitenancy\Identity.Multitenancy.csproj", "{5544D80D-35B2-4A89-9CC2-FA134E84D80A}"
EndProject
Project("{9A19103F-16F7-4668-BE54-9A1E7A4F7556}") = "Identity.Multitenancy.EntityFramework", "Identity.Multitenancy.EntityFramework\Identity.Multitenancy.EntityFramework.csproj", "{B41D32F9-3536-49A6-B630-B1BE84F1BF97}"
EndProject
Global
	GlobalSection(SolutionConfigurationPlatforms) = preSolution
		Debug|Any CPU = Debug|Any CPU
		Debug|x64 = Debug|x64
		Debug|x86 = Debug|x86
		Release|Any CPU = Release|Any CPU
		Release|x64 = Release|x64
		Release|x86 = Release|x86
	EndGlobalSection
	GlobalSection(ProjectConfigurationPlatforms) = postSolution
		{5544D80D-35B2-4A89-9CC2-FA134E84D80A}.Debug|Any CPU.ActiveCfg = Debug|Any CPU
		{5544D80D-35B2-4A89-9CC2-FA134E84D80A}.Debug|Any CPU.Build.0 = Debug|Any CPU
		{5544D80D-35B2-4A89-9CC2-FA134E84D80A}.Debug|x64.ActiveCfg = Debug|Any CPU
		{5544D80D-35B2-4A89-9CC2-FA134E84D80A}.Debug|x64.Build.0 = Debug|Any CPU
		{5544D80D-35B2-4A89-9CC2-FA134E84D80A}.Debug|x86.ActiveCfg = Debug|Any CPU
		{5544D80D-35B2-4A89-9CC2-FA134E84D80A}.Debug|x86.Build.0 = Debug|Any CPU
		{5544D80D-35B2-4A89-9CC2-FA134E84D80A}.Release|Any CPU.ActiveCfg = Release|Any CPU
		{5544D80D-35B2-4A89-9CC2-FA134E84D80A}.Release|Any CPU.Build.0 = Release|Any CPU
		{5544D80D-35B2-4A89-9CC2-FA134E84D80A}.Release|x64.ActiveCfg = Release|Any CPU
		{5544D80D-35B2-4A89-9CC2-FA134E84D80A}.Release|x64.Build.0 = Release|Any CPU
		{5544D80D-35B2-4A89-9CC2-FA134E84D80A}.Release|x86.ActiveCfg = Release|Any CPU
		{5544D80D-35B2-4A89-9CC2-FA134E84D80A}.Release|x86.Build.0 = Release|Any CPU
		{B41D32F9-3536-49A6-B630-B1BE84F1BF97}.Debug|Any CPU.ActiveCfg = Debug|Any CPU
		{B41D32F9-3536-49A6-B630-B1BE84F1BF97}.Debug|Any CPU.Build.0 = Debug|Any CPU
		{B41D32F9-3536-49A6-B630-B1BE84F1BF97}.Debug|x64.ActiveCfg = Debug|Any CPU
		{B41D32F9-3536-49A6-B630-B1BE84F1BF97}.Debug|x64.Build.0 = Debug|Any CPU
		{B41D32F9-3536-49A6-B630-B1BE84F1BF97}.Debug|x86.ActiveCfg = Debug|Any CPU
		{B41D32F9-3536-49A6-B630-B1BE84F1BF97}.Debug|x86.Build.0 = Debug|Any CPU
		{B41D32F9-3536-49A6-B630-B1BE84F1BF97}.Release|Any CPU.ActiveCfg = Release|Any CPU
		{B41D32F9-3536-49A6-B630-B1BE84F1BF97}.Release|Any CPU.Build.0 = Release|Any CPU
		{B41D32F9-3536-49A6-B630-B1BE84F1BF97}.Release|x64.ActiveCfg = Release|Any CPU
		{B41D32F9-3536-49A6-B630-B1BE84F1BF97}.Release|x64.Build.0 = Release|Any CPU
		{B41D32F9-3536-49A6-B630-B1BE84F1BF97}.Release|x86.ActiveCfg = Release|Any CPU
		{B41D32F9-3536-49A6-B630-B1BE84F1BF97}.Release|x86.Build.0 = Release|Any CPU
	EndGlobalSection
	GlobalSection(SolutionProperties) = preSolution
		HideSolutionNode = FALSE
	EndGlobalSection
	GlobalSection(ExtensibilityGlobals) = postSolution
		SolutionGuid = {DE6A36BA-504D-4D52-95E1-C21F61233872}
	EndGlobalSection
EndGlobal
